
Microsoft Visual Studio Solution File, Format Version 12.00
# Visual Studio Version 17
VisualStudioVersion = 17.9.34902.65
MinimumVisualStudioVersion = 10.0.40219.1
Project("{FAE04EC0-301F-11D3-BF4B-00C04F79EFBC}") = "Sequecial01", "Sequecial01.csproj", "{96BBAA36-EC28-4E7D-9FF7-97CC31EBC6EF}"
EndProject
Global
	GlobalSection(SolutionConfigurationPlatforms) = preSolution
		Debug|Any CPU = Debug|Any CPU
		Release|Any CPU = Release|Any CPU
	EndGlobalSection
	GlobalSection(ProjectConfigurationPlatforms) = postSolution
		{96BBAA36-EC28-4E7D-9FF7-97CC31EBC6EF}.Debug|Any CPU.ActiveCfg = Debug|Any CPU
		{96BBAA36-EC28-4E7D-9FF7-97CC31EBC6EF}.Debug|Any CPU.Build.0 = Debug|Any CPU
		{96BBAA36-EC28-4E7D-9FF7-97CC31EBC6EF}.Release|Any CPU.ActiveCfg = Release|Any CPU
		{96BBAA36-EC28-4E7D-9FF7-97CC31EBC6EF}.Release|Any CPU.Build.0 = Release|Any CPU
	EndGlobalSection
	GlobalSection(SolutionProperties) = preSolution
		HideSolutionNode = FALSE
	EndGlobalSection
	GlobalSection(ExtensibilityGlobals) = postSolution
		SolutionGuid = {698C99A5-239A-482C-BF10-AF01C49B9C35}
	EndGlobalSection
EndGlobal
