
Microsoft Visual Studio Solution File, Format Version 12.00
# Visual Studio Version 17
VisualStudioVersion = 17.9.34902.65
MinimumVisualStudioVersion = 10.0.40219.1
Project("{FAE04EC0-301F-11D3-BF4B-00C04F79EFBC}") = "Sequencia05", "Sequencia05.csproj", "{0CEBADED-7733-4F14-8FB3-EB48656E25EB}"
EndProject
Global
	GlobalSection(SolutionConfigurationPlatforms) = preSolution
		Debug|Any CPU = Debug|Any CPU
		Release|Any CPU = Release|Any CPU
	EndGlobalSection
	GlobalSection(ProjectConfigurationPlatforms) = postSolution
		{0CEBADED-7733-4F14-8FB3-EB48656E25EB}.Debug|Any CPU.ActiveCfg = Debug|Any CPU
		{0CEBADED-7733-4F14-8FB3-EB48656E25EB}.Debug|Any CPU.Build.0 = Debug|Any CPU
		{0CEBADED-7733-4F14-8FB3-EB48656E25EB}.Release|Any CPU.ActiveCfg = Release|Any CPU
		{0CEBADED-7733-4F14-8FB3-EB48656E25EB}.Release|Any CPU.Build.0 = Release|Any CPU
	EndGlobalSection
	GlobalSection(SolutionProperties) = preSolution
		HideSolutionNode = FALSE
	EndGlobalSection
	GlobalSection(ExtensibilityGlobals) = postSolution
		SolutionGuid = {416985DF-D1F7-4901-A441-0B8394870BA8}
	EndGlobalSection
EndGlobal
