
Microsoft Visual Studio Solution File, Format Version 12.00
# Visual Studio Version 17
VisualStudioVersion = 17.9.34902.65
MinimumVisualStudioVersion = 10.0.40219.1
Project("{FAE04EC0-301F-11D3-BF4B-00C04F79EFBC}") = "For07", "For07.csproj", "{8754B9B1-80DE-4413-B18F-1A51393E9D62}"
EndProject
Global
	GlobalSection(SolutionConfigurationPlatforms) = preSolution
		Debug|Any CPU = Debug|Any CPU
		Release|Any CPU = Release|Any CPU
	EndGlobalSection
	GlobalSection(ProjectConfigurationPlatforms) = postSolution
		{8754B9B1-80DE-4413-B18F-1A51393E9D62}.Debug|Any CPU.ActiveCfg = Debug|Any CPU
		{8754B9B1-80DE-4413-B18F-1A51393E9D62}.Debug|Any CPU.Build.0 = Debug|Any CPU
		{8754B9B1-80DE-4413-B18F-1A51393E9D62}.Release|Any CPU.ActiveCfg = Release|Any CPU
		{8754B9B1-80DE-4413-B18F-1A51393E9D62}.Release|Any CPU.Build.0 = Release|Any CPU
	EndGlobalSection
	GlobalSection(SolutionProperties) = preSolution
		HideSolutionNode = FALSE
	EndGlobalSection
	GlobalSection(ExtensibilityGlobals) = postSolution
		SolutionGuid = {29E961F7-0D8D-4ADE-8B2E-EC0565D9CF7E}
	EndGlobalSection
EndGlobal
